
Microsoft Visual Studio Solution File, Format Version 12.00
# Visual Studio Version 16
VisualStudioVersion = 16.0.29709.97
MinimumVisualStudioVersion = 10.0.40219.1
Project("{FAE04EC0-301F-11D3-BF4B-00C04F79EFBC}") = "Cvl.NodeNetwork.WebHub", "Cvl.NodeNetwork.WebHub\Cvl.NodeNetwork.WebHub.csproj", "{1F38C74E-BA37-4C69-BA25-854F852E0035}"
EndProject
Global
	GlobalSection(SolutionConfigurationPlatforms) = preSolution
		Debug|Any CPU = Debug|Any CPU
		Release|Any CPU = Release|Any CPU
	EndGlobalSection
	GlobalSection(ProjectConfigurationPlatforms) = postSolution
		{1F38C74E-BA37-4C69-BA25-854F852E0035}.Debug|Any CPU.ActiveCfg = Debug|Any CPU
		{1F38C74E-BA37-4C69-BA25-854F852E0035}.Debug|Any CPU.Build.0 = Debug|Any CPU
		{1F38C74E-BA37-4C69-BA25-854F852E0035}.Release|Any CPU.ActiveCfg = Release|Any CPU
		{1F38C74E-BA37-4C69-BA25-854F852E0035}.Release|Any CPU.Build.0 = Release|Any CPU
	EndGlobalSection
	GlobalSection(SolutionProperties) = preSolution
		HideSolutionNode = FALSE
	EndGlobalSection
	GlobalSection(ExtensibilityGlobals) = postSolution
		SolutionGuid = {1709CCA6-40BE-4C4C-AB01-43BFE2C0B650}
	EndGlobalSection
EndGlobal
