
Microsoft Visual Studio Solution File, Format Version 12.00
# Visual Studio Version 16
VisualStudioVersion = 16.0.29709.97
MinimumVisualStudioVersion = 10.0.40219.1
Project("{9A19103F-16F7-4668-BE54-9A1E7A4F7556}") = "Cvl.NodeNetwork.WebHub", "Cvl.NodeNetwork.WebHub\Cvl.NodeNetwork.WebHub.csproj", "{1F38C74E-BA37-4C69-BA25-854F852E0035}"
EndProject
Project("{9A19103F-16F7-4668-BE54-9A1E7A4F7556}") = "TestApp1", "TestApp1\TestApp1.csproj", "{E763C545-4704-44DB-BA58-6EB8FD35C33A}"
EndProject
Project("{9A19103F-16F7-4668-BE54-9A1E7A4F7556}") = "TestApp2", "TestApp2\TestApp2.csproj", "{9BE16412-43CF-4ED3-B2A1-62982DC029AC}"
EndProject
Project("{FAE04EC0-301F-11D3-BF4B-00C04F79EFBC}") = "Cvl.NodeNetwork.Standard", "Cvl.NodeNetwork.Standard\Cvl.NodeNetwork.Standard.csproj", "{B2AF5B37-86F9-4429-8EB7-34A780E77E98}"
EndProject
Global
	GlobalSection(SolutionConfigurationPlatforms) = preSolution
		Debug|Any CPU = Debug|Any CPU
		Release|Any CPU = Release|Any CPU
	EndGlobalSection
	GlobalSection(ProjectConfigurationPlatforms) = postSolution
		{1F38C74E-BA37-4C69-BA25-854F852E0035}.Debug|Any CPU.ActiveCfg = Debug|Any CPU
		{1F38C74E-BA37-4C69-BA25-854F852E0035}.Debug|Any CPU.Build.0 = Debug|Any CPU
		{1F38C74E-BA37-4C69-BA25-854F852E0035}.Release|Any CPU.ActiveCfg = Release|Any CPU
		{1F38C74E-BA37-4C69-BA25-854F852E0035}.Release|Any CPU.Build.0 = Release|Any CPU
		{E763C545-4704-44DB-BA58-6EB8FD35C33A}.Debug|Any CPU.ActiveCfg = Debug|Any CPU
		{E763C545-4704-44DB-BA58-6EB8FD35C33A}.Debug|Any CPU.Build.0 = Debug|Any CPU
		{E763C545-4704-44DB-BA58-6EB8FD35C33A}.Release|Any CPU.ActiveCfg = Release|Any CPU
		{E763C545-4704-44DB-BA58-6EB8FD35C33A}.Release|Any CPU.Build.0 = Release|Any CPU
		{9BE16412-43CF-4ED3-B2A1-62982DC029AC}.Debug|Any CPU.ActiveCfg = Debug|Any CPU
		{9BE16412-43CF-4ED3-B2A1-62982DC029AC}.Debug|Any CPU.Build.0 = Debug|Any CPU
		{9BE16412-43CF-4ED3-B2A1-62982DC029AC}.Release|Any CPU.ActiveCfg = Release|Any CPU
		{9BE16412-43CF-4ED3-B2A1-62982DC029AC}.Release|Any CPU.Build.0 = Release|Any CPU
		{B2AF5B37-86F9-4429-8EB7-34A780E77E98}.Debug|Any CPU.ActiveCfg = Debug|Any CPU
		{B2AF5B37-86F9-4429-8EB7-34A780E77E98}.Debug|Any CPU.Build.0 = Debug|Any CPU
		{B2AF5B37-86F9-4429-8EB7-34A780E77E98}.Release|Any CPU.ActiveCfg = Release|Any CPU
		{B2AF5B37-86F9-4429-8EB7-34A780E77E98}.Release|Any CPU.Build.0 = Release|Any CPU
	EndGlobalSection
	GlobalSection(SolutionProperties) = preSolution
		HideSolutionNode = FALSE
	EndGlobalSection
	GlobalSection(ExtensibilityGlobals) = postSolution
		SolutionGuid = {1709CCA6-40BE-4C4C-AB01-43BFE2C0B650}
	EndGlobalSection
EndGlobal
